// !$*UTF8*$!
{
	archiveVersion = 1;
	classes = {
	};
	objectVersion = 77;
	objects = {

/* Begin PBXBuildFile section */
		92250AD82ECF12CA001FC609 /* Lottie in Frameworks */ = {isa = PBXBuildFile; productRef = 92250AD72ECF12CA001FC609 /* Lottie */; };
		922EC4E92ECEBBDA00E71F8C /* Lottie in Frameworks */ = {isa = PBXBuildFile; productRef = 922EC4E82ECEBBDA00E71F8C /* Lottie */; };
		92EBA3362ECC997B008DBAB4 /* ConfettiSwiftUI in Frameworks */ = {isa = PBXBuildFile; productRef = 92EBA3352ECC997B008DBAB4 /* ConfettiSwiftUI */; };
		A57CCEE22EC1960C00013DA3 /* WidgetKit.framework in Frameworks */ = {isa = PBXBuildFile; fileRef = A57CCEE12EC1960C00013DA3 /* WidgetKit.framework */; };
		A57CCEE42EC1960C00013DA3 /* SwiftUI.framework in Frameworks */ = {isa = PBXBuildFile; fileRef = A57CCEE32EC1960C00013DA3 /* SwiftUI.framework */; };
		A57CCEF52EC1960C00013DA3 /* FinlineWidgetExtension.appex in Embed Foundation Extensions */ = {isa = PBXBuildFile; fileRef = A57CCEDF2EC1960C00013DA3 /* FinlineWidgetExtension.appex */; settings = {ATTRIBUTES = (RemoveHeadersOnCopy, ); }; };
/* End PBXBuildFile section */

/* Begin PBXContainerItemProxy section */
		A57CCEF32EC1960C00013DA3 /* PBXContainerItemProxy */ = {
			isa = PBXContainerItemProxy;
			containerPortal = A5E3A6AD2EA7673A0035E192 /* Project object */;
			proxyType = 1;
			remoteGlobalIDString = A57CCEDE2EC1960C00013DA3;
			remoteInfo = FinlineWidgetExtension;
		};
		A5E3A6C32EA7673B0035E192 /* PBXContainerItemProxy */ = {
			isa = PBXContainerItemProxy;
			containerPortal = A5E3A6AD2EA7673A0035E192 /* Project object */;
			proxyType = 1;
			remoteGlobalIDString = A5E3A6B42EA7673A0035E192;
			remoteInfo = C7_Finline;
		};
		A5E3A6CD2EA7673B0035E192 /* PBXContainerItemProxy */ = {
			isa = PBXContainerItemProxy;
			containerPortal = A5E3A6AD2EA7673A0035E192 /* Project object */;
			proxyType = 1;
			remoteGlobalIDString = A5E3A6B42EA7673A0035E192;
			remoteInfo = C7_Finline;
		};
/* End PBXContainerItemProxy section */

/* Begin PBXCopyFilesBuildPhase section */
		A57CCEF62EC1960C00013DA3 /* Embed Foundation Extensions */ = {
			isa = PBXCopyFilesBuildPhase;
			buildActionMask = 2147483647;
			dstPath = "";
			dstSubfolderSpec = 13;
			files = (
				A57CCEF52EC1960C00013DA3 /* FinlineWidgetExtension.appex in Embed Foundation Extensions */,
			);
			name = "Embed Foundation Extensions";
			runOnlyForDeploymentPostprocessing = 0;
		};
/* End PBXCopyFilesBuildPhase section */

/* Begin PBXFileReference section */
		921A45E22EC9D3F300CAA6FE /* FinlineWidgetExtension.entitlements */ = {isa = PBXFileReference; lastKnownFileType = text.plist.entitlements; path = FinlineWidgetExtension.entitlements; sourceTree = "<group>"; };
		A57CCEDF2EC1960C00013DA3 /* FinlineWidgetExtension.appex */ = {isa = PBXFileReference; explicitFileType = "wrapper.app-extension"; includeInIndex = 0; path = FinlineWidgetExtension.appex; sourceTree = BUILT_PRODUCTS_DIR; };
		A57CCEE12EC1960C00013DA3 /* WidgetKit.framework */ = {isa = PBXFileReference; lastKnownFileType = wrapper.framework; name = WidgetKit.framework; path = System/Library/Frameworks/WidgetKit.framework; sourceTree = SDKROOT; };
		A57CCEE32EC1960C00013DA3 /* SwiftUI.framework */ = {isa = PBXFileReference; lastKnownFileType = wrapper.framework; name = SwiftUI.framework; path = System/Library/Frameworks/SwiftUI.framework; sourceTree = SDKROOT; };
		A5E3A6B52EA7673A0035E192 /* C7_Finline.app */ = {isa = PBXFileReference; explicitFileType = wrapper.application; includeInIndex = 0; path = C7_Finline.app; sourceTree = BUILT_PRODUCTS_DIR; };
		A5E3A6C22EA7673B0035E192 /* C7_FinlineTests.xctest */ = {isa = PBXFileReference; explicitFileType = wrapper.cfbundle; includeInIndex = 0; path = C7_FinlineTests.xctest; sourceTree = BUILT_PRODUCTS_DIR; };
		A5E3A6CC2EA7673B0035E192 /* C7_FinlineUITests.xctest */ = {isa = PBXFileReference; explicitFileType = wrapper.cfbundle; includeInIndex = 0; path = C7_FinlineUITests.xctest; sourceTree = BUILT_PRODUCTS_DIR; };
/* End PBXFileReference section */

/* Begin PBXFileSystemSynchronizedBuildFileExceptionSet section */
		A57CCEF92EC1960C00013DA3 /* Exceptions for "FinlineWidget" folder in "FinlineWidgetExtension" target */ = {
			isa = PBXFileSystemSynchronizedBuildFileExceptionSet;
			membershipExceptions = (
				Info.plist,
			);
			target = A57CCEDE2EC1960C00013DA3 /* FinlineWidgetExtension */;
		};
		A57CCF002EC1997600013DA3 /* Exceptions for "FinlineWidget" folder in "C7_Finline" target */ = {
			isa = PBXFileSystemSynchronizedBuildFileExceptionSet;
			membershipExceptions = (
				Assets.xcassets,
				FocusActivityAttributes.swift,
				FocusLiveActivity.swift,
			);
			target = A5E3A6B42EA7673A0035E192 /* C7_Finline */;
		};
		A57CD0D72EC2300700013DA3 /* Exceptions for "C7_Finline" folder in "FinlineWidgetExtension" target */ = {
			isa = PBXFileSystemSynchronizedBuildFileExceptionSet;
			membershipExceptions = (
				Assets.xcassets,
				Helper/Color.swift,
				Helper/TimeFormatter.swift,
				Models/Goal.swift,
				Models/GoalTask.swift,
			);
			target = A57CCEDE2EC1960C00013DA3 /* FinlineWidgetExtension */;
		};
/* End PBXFileSystemSynchronizedBuildFileExceptionSet section */

/* Begin PBXFileSystemSynchronizedRootGroup section */
		A57CCEE52EC1960C00013DA3 /* FinlineWidget */ = {
			isa = PBXFileSystemSynchronizedRootGroup;
			exceptions = (
				A57CCF002EC1997600013DA3 /* Exceptions for "FinlineWidget" folder in "C7_Finline" target */,
				A57CCEF92EC1960C00013DA3 /* Exceptions for "FinlineWidget" folder in "FinlineWidgetExtension" target */,
			);
			path = FinlineWidget;
			sourceTree = "<group>";
		};
		A5E3A6B72EA7673A0035E192 /* C7_Finline */ = {
			isa = PBXFileSystemSynchronizedRootGroup;
			exceptions = (
				A57CD0D72EC2300700013DA3 /* Exceptions for "C7_Finline" folder in "FinlineWidgetExtension" target */,
			);
			path = C7_Finline;
			sourceTree = "<group>";
		};
		A5E3A6C52EA7673B0035E192 /* C7_FinlineTests */ = {
			isa = PBXFileSystemSynchronizedRootGroup;
			path = C7_FinlineTests;
			sourceTree = "<group>";
		};
		A5E3A6CF2EA7673B0035E192 /* C7_FinlineUITests */ = {
			isa = PBXFileSystemSynchronizedRootGroup;
			path = C7_FinlineUITests;
			sourceTree = "<group>";
		};
/* End PBXFileSystemSynchronizedRootGroup section */

/* Begin PBXFrameworksBuildPhase section */
		A57CCEDC2EC1960C00013DA3 /* Frameworks */ = {
			isa = PBXFrameworksBuildPhase;
			buildActionMask = 2147483647;
			files = (
				A57CCEE42EC1960C00013DA3 /* SwiftUI.framework in Frameworks */,
				A57CCEE22EC1960C00013DA3 /* WidgetKit.framework in Frameworks */,
			);
			runOnlyForDeploymentPostprocessing = 0;
		};
		A5E3A6B22EA7673A0035E192 /* Frameworks */ = {
			isa = PBXFrameworksBuildPhase;
			buildActionMask = 2147483647;
			files = (
				92EBA3362ECC997B008DBAB4 /* ConfettiSwiftUI in Frameworks */,
				922EC4E92ECEBBDA00E71F8C /* Lottie in Frameworks */,
				92250AD82ECF12CA001FC609 /* Lottie in Frameworks */,
			);
			runOnlyForDeploymentPostprocessing = 0;
		};
		A5E3A6BF2EA7673B0035E192 /* Frameworks */ = {
			isa = PBXFrameworksBuildPhase;
			buildActionMask = 2147483647;
			files = (
			);
			runOnlyForDeploymentPostprocessing = 0;
		};
		A5E3A6C92EA7673B0035E192 /* Frameworks */ = {
			isa = PBXFrameworksBuildPhase;
			buildActionMask = 2147483647;
			files = (
			);
			runOnlyForDeploymentPostprocessing = 0;
		};
/* End PBXFrameworksBuildPhase section */

/* Begin PBXGroup section */
		A57CCEE02EC1960C00013DA3 /* Frameworks */ = {
			isa = PBXGroup;
			children = (
				A57CCEE12EC1960C00013DA3 /* WidgetKit.framework */,
				A57CCEE32EC1960C00013DA3 /* SwiftUI.framework */,
			);
			name = Frameworks;
			sourceTree = "<group>";
		};
		A5E3A6AC2EA7673A0035E192 = {
			isa = PBXGroup;
			children = (
				921A45E22EC9D3F300CAA6FE /* FinlineWidgetExtension.entitlements */,
				A5E3A6B72EA7673A0035E192 /* C7_Finline */,
				A5E3A6C52EA7673B0035E192 /* C7_FinlineTests */,
				A5E3A6CF2EA7673B0035E192 /* C7_FinlineUITests */,
				A57CCEE52EC1960C00013DA3 /* FinlineWidget */,
				A57CCEE02EC1960C00013DA3 /* Frameworks */,
				A5E3A6B62EA7673A0035E192 /* Products */,
			);
			sourceTree = "<group>";
		};
		A5E3A6B62EA7673A0035E192 /* Products */ = {
			isa = PBXGroup;
			children = (
				A5E3A6B52EA7673A0035E192 /* C7_Finline.app */,
				A5E3A6C22EA7673B0035E192 /* C7_FinlineTests.xctest */,
				A5E3A6CC2EA7673B0035E192 /* C7_FinlineUITests.xctest */,
				A57CCEDF2EC1960C00013DA3 /* FinlineWidgetExtension.appex */,
			);
			name = Products;
			sourceTree = "<group>";
		};
/* End PBXGroup section */

/* Begin PBXNativeTarget section */
		A57CCEDE2EC1960C00013DA3 /* FinlineWidgetExtension */ = {
			isa = PBXNativeTarget;
			buildConfigurationList = A57CCEFA2EC1960C00013DA3 /* Build configuration list for PBXNativeTarget "FinlineWidgetExtension" */;
			buildPhases = (
				A57CCEDB2EC1960C00013DA3 /* Sources */,
				A57CCEDC2EC1960C00013DA3 /* Frameworks */,
				A57CCEDD2EC1960C00013DA3 /* Resources */,
			);
			buildRules = (
			);
			dependencies = (
			);
			fileSystemSynchronizedGroups = (
				A57CCEE52EC1960C00013DA3 /* FinlineWidget */,
			);
			name = FinlineWidgetExtension;
			packageProductDependencies = (
			);
			productName = FinlineWidgetExtension;
			productReference = A57CCEDF2EC1960C00013DA3 /* FinlineWidgetExtension.appex */;
			productType = "com.apple.product-type.app-extension";
		};
		A5E3A6B42EA7673A0035E192 /* C7_Finline */ = {
			isa = PBXNativeTarget;
			buildConfigurationList = A5E3A6D62EA7673B0035E192 /* Build configuration list for PBXNativeTarget "C7_Finline" */;
			buildPhases = (
				A5E3A6B12EA7673A0035E192 /* Sources */,
				A5E3A6B22EA7673A0035E192 /* Frameworks */,
				A5E3A6B32EA7673A0035E192 /* Resources */,
				A57CCEF62EC1960C00013DA3 /* Embed Foundation Extensions */,
			);
			buildRules = (
			);
			dependencies = (
				A57CCEF42EC1960C00013DA3 /* PBXTargetDependency */,
			);
			fileSystemSynchronizedGroups = (
				A5E3A6B72EA7673A0035E192 /* C7_Finline */,
			);
			name = C7_Finline;
			packageProductDependencies = (
				92EBA3352ECC997B008DBAB4 /* ConfettiSwiftUI */,
				922EC4E82ECEBBDA00E71F8C /* Lottie */,
				92250AD72ECF12CA001FC609 /* Lottie */,
			);
			productName = C7_Finline;
			productReference = A5E3A6B52EA7673A0035E192 /* C7_Finline.app */;
			productType = "com.apple.product-type.application";
		};
		A5E3A6C12EA7673B0035E192 /* C7_FinlineTests */ = {
			isa = PBXNativeTarget;
			buildConfigurationList = A5E3A6D92EA7673B0035E192 /* Build configuration list for PBXNativeTarget "C7_FinlineTests" */;
			buildPhases = (
				A5E3A6BE2EA7673B0035E192 /* Sources */,
				A5E3A6BF2EA7673B0035E192 /* Frameworks */,
				A5E3A6C02EA7673B0035E192 /* Resources */,
			);
			buildRules = (
			);
			dependencies = (
				A5E3A6C42EA7673B0035E192 /* PBXTargetDependency */,
			);
			fileSystemSynchronizedGroups = (
				A5E3A6C52EA7673B0035E192 /* C7_FinlineTests */,
			);
			name = C7_FinlineTests;
			packageProductDependencies = (
			);
			productName = C7_FinlineTests;
			productReference = A5E3A6C22EA7673B0035E192 /* C7_FinlineTests.xctest */;
			productType = "com.apple.product-type.bundle.unit-test";
		};
		A5E3A6CB2EA7673B0035E192 /* C7_FinlineUITests */ = {
			isa = PBXNativeTarget;
			buildConfigurationList = A5E3A6DC2EA7673B0035E192 /* Build configuration list for PBXNativeTarget "C7_FinlineUITests" */;
			buildPhases = (
				A5E3A6C82EA7673B0035E192 /* Sources */,
				A5E3A6C92EA7673B0035E192 /* Frameworks */,
				A5E3A6CA2EA7673B0035E192 /* Resources */,
			);
			buildRules = (
			);
			dependencies = (
				A5E3A6CE2EA7673B0035E192 /* PBXTargetDependency */,
			);
			fileSystemSynchronizedGroups = (
				A5E3A6CF2EA7673B0035E192 /* C7_FinlineUITests */,
			);
			name = C7_FinlineUITests;
			packageProductDependencies = (
			);
			productName = C7_FinlineUITests;
			productReference = A5E3A6CC2EA7673B0035E192 /* C7_FinlineUITests.xctest */;
			productType = "com.apple.product-type.bundle.ui-testing";
		};
/* End PBXNativeTarget section */

/* Begin PBXProject section */
		A5E3A6AD2EA7673A0035E192 /* Project object */ = {
			isa = PBXProject;
			attributes = {
				BuildIndependentTargetsInParallel = 1;
				LastSwiftUpdateCheck = 2600;
				LastUpgradeCheck = 2600;
				TargetAttributes = {
					A57CCEDE2EC1960C00013DA3 = {
						CreatedOnToolsVersion = 26.0.1;
					};
					A5E3A6B42EA7673A0035E192 = {
						CreatedOnToolsVersion = 26.0.1;
					};
					A5E3A6C12EA7673B0035E192 = {
						CreatedOnToolsVersion = 26.0.1;
						TestTargetID = A5E3A6B42EA7673A0035E192;
					};
					A5E3A6CB2EA7673B0035E192 = {
						CreatedOnToolsVersion = 26.0.1;
						TestTargetID = A5E3A6B42EA7673A0035E192;
					};
				};
			};
			buildConfigurationList = A5E3A6B02EA7673A0035E192 /* Build configuration list for PBXProject "C7_Finline" */;
			developmentRegion = en;
			hasScannedForEncodings = 0;
			knownRegions = (
				en,
				Base,
			);
			mainGroup = A5E3A6AC2EA7673A0035E192;
			minimizedProjectReferenceProxies = 1;
			packageReferences = (
				92EBA3342ECC9902008DBAB4 /* XCRemoteSwiftPackageReference "ConfettiSwiftUI" */,
				92250AD62ECF12CA001FC609 /* XCRemoteSwiftPackageReference "lottie-spm" */,
			);
			preferredProjectObjectVersion = 77;
			productRefGroup = A5E3A6B62EA7673A0035E192 /* Products */;
			projectDirPath = "";
			projectRoot = "";
			targets = (
				A5E3A6B42EA7673A0035E192 /* C7_Finline */,
				A5E3A6C12EA7673B0035E192 /* C7_FinlineTests */,
				A5E3A6CB2EA7673B0035E192 /* C7_FinlineUITests */,
				A57CCEDE2EC1960C00013DA3 /* FinlineWidgetExtension */,
			);
		};
/* End PBXProject section */

/* Begin PBXResourcesBuildPhase section */
		A57CCEDD2EC1960C00013DA3 /* Resources */ = {
			isa = PBXResourcesBuildPhase;
			buildActionMask = 2147483647;
			files = (
			);
			runOnlyForDeploymentPostprocessing = 0;
		};
		A5E3A6B32EA7673A0035E192 /* Resources */ = {
			isa = PBXResourcesBuildPhase;
			buildActionMask = 2147483647;
			files = (
			);
			runOnlyForDeploymentPostprocessing = 0;
		};
		A5E3A6C02EA7673B0035E192 /* Resources */ = {
			isa = PBXResourcesBuildPhase;
			buildActionMask = 2147483647;
			files = (
			);
			runOnlyForDeploymentPostprocessing = 0;
		};
		A5E3A6CA2EA7673B0035E192 /* Resources */ = {
			isa = PBXResourcesBuildPhase;
			buildActionMask = 2147483647;
			files = (
			);
			runOnlyForDeploymentPostprocessing = 0;
		};
/* End PBXResourcesBuildPhase section */

/* Begin PBXSourcesBuildPhase section */
		A57CCEDB2EC1960C00013DA3 /* Sources */ = {
			isa = PBXSourcesBuildPhase;
			buildActionMask = 2147483647;
			files = (
			);
			runOnlyForDeploymentPostprocessing = 0;
		};
		A5E3A6B12EA7673A0035E192 /* Sources */ = {
			isa = PBXSourcesBuildPhase;
			buildActionMask = 2147483647;
			files = (
			);
			runOnlyForDeploymentPostprocessing = 0;
		};
		A5E3A6BE2EA7673B0035E192 /* Sources */ = {
			isa = PBXSourcesBuildPhase;
			buildActionMask = 2147483647;
			files = (
			);
			runOnlyForDeploymentPostprocessing = 0;
		};
		A5E3A6C82EA7673B0035E192 /* Sources */ = {
			isa = PBXSourcesBuildPhase;
			buildActionMask = 2147483647;
			files = (
			);
			runOnlyForDeploymentPostprocessing = 0;
		};
/* End PBXSourcesBuildPhase section */

/* Begin PBXTargetDependency section */
		A57CCEF42EC1960C00013DA3 /* PBXTargetDependency */ = {
			isa = PBXTargetDependency;
			target = A57CCEDE2EC1960C00013DA3 /* FinlineWidgetExtension */;
			targetProxy = A57CCEF32EC1960C00013DA3 /* PBXContainerItemProxy */;
		};
		A5E3A6C42EA7673B0035E192 /* PBXTargetDependency */ = {
			isa = PBXTargetDependency;
			target = A5E3A6B42EA7673A0035E192 /* C7_Finline */;
			targetProxy = A5E3A6C32EA7673B0035E192 /* PBXContainerItemProxy */;
		};
		A5E3A6CE2EA7673B0035E192 /* PBXTargetDependency */ = {
			isa = PBXTargetDependency;
			target = A5E3A6B42EA7673A0035E192 /* C7_Finline */;
			targetProxy = A5E3A6CD2EA7673B0035E192 /* PBXContainerItemProxy */;
		};
/* End PBXTargetDependency section */

/* Begin XCBuildConfiguration section */
		A57CCEF72EC1960C00013DA3 /* Debug */ = {
			isa = XCBuildConfiguration;
			buildSettings = {
				ASSETCATALOG_COMPILER_GLOBAL_ACCENT_COLOR_NAME = AccentColor;
				ASSETCATALOG_COMPILER_WIDGET_BACKGROUND_COLOR_NAME = WidgetBackground;
				CODE_SIGN_ENTITLEMENTS = FinlineWidgetExtension.entitlements;
				CODE_SIGN_STYLE = Automatic;
				CURRENT_PROJECT_VERSION = 1;
				DEVELOPMENT_TEAM = 96MF25N4D7;
				GENERATE_INFOPLIST_FILE = YES;
				INFOPLIST_FILE = FinlineWidget/Info.plist;
				INFOPLIST_KEY_CFBundleDisplayName = FinlineWidget;
				INFOPLIST_KEY_NSHumanReadableCopyright = "";
				IPHONEOS_DEPLOYMENT_TARGET = 26.0;
				LD_RUNPATH_SEARCH_PATHS = (
					"$(inherited)",
					"@executable_path/Frameworks",
					"@executable_path/../../Frameworks",
				);
				MARKETING_VERSION = 1.0;
				PRODUCT_BUNDLE_IDENTIFIER = c7.finline.FinlineWidget;
				PRODUCT_NAME = "$(TARGET_NAME)";
				SDKROOT = iphoneos;
				SKIP_INSTALL = YES;
				STRING_CATALOG_GENERATE_SYMBOLS = YES;
				SWIFT_APPROACHABLE_CONCURRENCY = YES;
				SWIFT_EMIT_LOC_STRINGS = YES;
				SWIFT_UPCOMING_FEATURE_MEMBER_IMPORT_VISIBILITY = YES;
				SWIFT_VERSION = 5.0;
				TARGETED_DEVICE_FAMILY = "1,2";
			};
			name = Debug;
		};
		A57CCEF82EC1960C00013DA3 /* Release */ = {
			isa = XCBuildConfiguration;
			buildSettings = {
				ASSETCATALOG_COMPILER_GLOBAL_ACCENT_COLOR_NAME = AccentColor;
				ASSETCATALOG_COMPILER_WIDGET_BACKGROUND_COLOR_NAME = WidgetBackground;
				CODE_SIGN_ENTITLEMENTS = FinlineWidgetExtension.entitlements;
				CODE_SIGN_STYLE = Automatic;
				CURRENT_PROJECT_VERSION = 1;
				DEVELOPMENT_TEAM = 96MF25N4D7;
				GENERATE_INFOPLIST_FILE = YES;
				INFOPLIST_FILE = FinlineWidget/Info.plist;
				INFOPLIST_KEY_CFBundleDisplayName = FinlineWidget;
				INFOPLIST_KEY_NSHumanReadableCopyright = "";
				IPHONEOS_DEPLOYMENT_TARGET = 26.0;
				LD_RUNPATH_SEARCH_PATHS = (
					"$(inherited)",
					"@executable_path/Frameworks",
					"@executable_path/../../Frameworks",
				);
				MARKETING_VERSION = 1.0;
				PRODUCT_BUNDLE_IDENTIFIER = c7.finline.FinlineWidget;
				PRODUCT_NAME = "$(TARGET_NAME)";
				SDKROOT = iphoneos;
				SKIP_INSTALL = YES;
				STRING_CATALOG_GENERATE_SYMBOLS = YES;
				SWIFT_APPROACHABLE_CONCURRENCY = YES;
				SWIFT_EMIT_LOC_STRINGS = YES;
				SWIFT_UPCOMING_FEATURE_MEMBER_IMPORT_VISIBILITY = YES;
				SWIFT_VERSION = 5.0;
				TARGETED_DEVICE_FAMILY = "1,2";
				VALIDATE_PRODUCT = YES;
			};
			name = Release;
		};
		A5E3A6D42EA7673B0035E192 /* Debug */ = {
			isa = XCBuildConfiguration;
			buildSettings = {
				ALWAYS_SEARCH_USER_PATHS = NO;
				ASSETCATALOG_COMPILER_GENERATE_SWIFT_ASSET_SYMBOL_EXTENSIONS = YES;
				CLANG_ANALYZER_NONNULL = YES;
				CLANG_ANALYZER_NUMBER_OBJECT_CONVERSION = YES_AGGRESSIVE;
				CLANG_CXX_LANGUAGE_STANDARD = "gnu++20";
				CLANG_ENABLE_MODULES = YES;
				CLANG_ENABLE_OBJC_ARC = YES;
				CLANG_ENABLE_OBJC_WEAK = YES;
				CLANG_WARN_BLOCK_CAPTURE_AUTORELEASING = YES;
				CLANG_WARN_BOOL_CONVERSION = YES;
				CLANG_WARN_COMMA = YES;
				CLANG_WARN_CONSTANT_CONVERSION = YES;
				CLANG_WARN_DEPRECATED_OBJC_IMPLEMENTATIONS = YES;
				CLANG_WARN_DIRECT_OBJC_ISA_USAGE = YES_ERROR;
				CLANG_WARN_DOCUMENTATION_COMMENTS = YES;
				CLANG_WARN_EMPTY_BODY = YES;
				CLANG_WARN_ENUM_CONVERSION = YES;
				CLANG_WARN_INFINITE_RECURSION = YES;
				CLANG_WARN_INT_CONVERSION = YES;
				CLANG_WARN_NON_LITERAL_NULL_CONVERSION = YES;
				CLANG_WARN_OBJC_IMPLICIT_RETAIN_SELF = YES;
				CLANG_WARN_OBJC_LITERAL_CONVERSION = YES;
				CLANG_WARN_OBJC_ROOT_CLASS = YES_ERROR;
				CLANG_WARN_QUOTED_INCLUDE_IN_FRAMEWORK_HEADER = YES;
				CLANG_WARN_RANGE_LOOP_ANALYSIS = YES;
				CLANG_WARN_STRICT_PROTOTYPES = YES;
				CLANG_WARN_SUSPICIOUS_MOVE = YES;
				CLANG_WARN_UNGUARDED_AVAILABILITY = YES_AGGRESSIVE;
				CLANG_WARN_UNREACHABLE_CODE = YES;
				CLANG_WARN__DUPLICATE_METHOD_MATCH = YES;
				COPY_PHASE_STRIP = NO;
				DEBUG_INFORMATION_FORMAT = dwarf;
				DEVELOPMENT_TEAM = QMV7N4KZBR;
				ENABLE_STRICT_OBJC_MSGSEND = YES;
				ENABLE_TESTABILITY = YES;
				ENABLE_USER_SCRIPT_SANDBOXING = YES;
				GCC_C_LANGUAGE_STANDARD = gnu17;
				GCC_DYNAMIC_NO_PIC = NO;
				GCC_NO_COMMON_BLOCKS = YES;
				GCC_OPTIMIZATION_LEVEL = 0;
				GCC_PREPROCESSOR_DEFINITIONS = (
					"DEBUG=1",
					"$(inherited)",
				);
				GCC_WARN_64_TO_32_BIT_CONVERSION = YES;
				GCC_WARN_ABOUT_RETURN_TYPE = YES_ERROR;
				GCC_WARN_UNDECLARED_SELECTOR = YES;
				GCC_WARN_UNINITIALIZED_AUTOS = YES_AGGRESSIVE;
				GCC_WARN_UNUSED_FUNCTION = YES;
				GCC_WARN_UNUSED_VARIABLE = YES;
				LOCALIZATION_PREFERS_STRING_CATALOGS = YES;
				MTL_ENABLE_DEBUG_INFO = INCLUDE_SOURCE;
				MTL_FAST_MATH = YES;
				ONLY_ACTIVE_ARCH = YES;
				SWIFT_ACTIVE_COMPILATION_CONDITIONS = "DEBUG $(inherited)";
				SWIFT_OPTIMIZATION_LEVEL = "-Onone";
			};
			name = Debug;
		};
		A5E3A6D52EA7673B0035E192 /* Release */ = {
			isa = XCBuildConfiguration;
			buildSettings = {
				ALWAYS_SEARCH_USER_PATHS = NO;
				ASSETCATALOG_COMPILER_GENERATE_SWIFT_ASSET_SYMBOL_EXTENSIONS = YES;
				CLANG_ANALYZER_NONNULL = YES;
				CLANG_ANALYZER_NUMBER_OBJECT_CONVERSION = YES_AGGRESSIVE;
				CLANG_CXX_LANGUAGE_STANDARD = "gnu++20";
				CLANG_ENABLE_MODULES = YES;
				CLANG_ENABLE_OBJC_ARC = YES;
				CLANG_ENABLE_OBJC_WEAK = YES;
				CLANG_WARN_BLOCK_CAPTURE_AUTORELEASING = YES;
				CLANG_WARN_BOOL_CONVERSION = YES;
				CLANG_WARN_COMMA = YES;
				CLANG_WARN_CONSTANT_CONVERSION = YES;
				CLANG_WARN_DEPRECATED_OBJC_IMPLEMENTATIONS = YES;
				CLANG_WARN_DIRECT_OBJC_ISA_USAGE = YES_ERROR;
				CLANG_WARN_DOCUMENTATION_COMMENTS = YES;
				CLANG_WARN_EMPTY_BODY = YES;
				CLANG_WARN_ENUM_CONVERSION = YES;
				CLANG_WARN_INFINITE_RECURSION = YES;
				CLANG_WARN_INT_CONVERSION = YES;
				CLANG_WARN_NON_LITERAL_NULL_CONVERSION = YES;
				CLANG_WARN_OBJC_IMPLICIT_RETAIN_SELF = YES;
				CLANG_WARN_OBJC_LITERAL_CONVERSION = YES;
				CLANG_WARN_OBJC_ROOT_CLASS = YES_ERROR;
				CLANG_WARN_QUOTED_INCLUDE_IN_FRAMEWORK_HEADER = YES;
				CLANG_WARN_RANGE_LOOP_ANALYSIS = YES;
				CLANG_WARN_STRICT_PROTOTYPES = YES;
				CLANG_WARN_SUSPICIOUS_MOVE = YES;
				CLANG_WARN_UNGUARDED_AVAILABILITY = YES_AGGRESSIVE;
				CLANG_WARN_UNREACHABLE_CODE = YES;
				CLANG_WARN__DUPLICATE_METHOD_MATCH = YES;
				COPY_PHASE_STRIP = NO;
				DEBUG_INFORMATION_FORMAT = "dwarf-with-dsym";
				DEVELOPMENT_TEAM = QMV7N4KZBR;
				ENABLE_NS_ASSERTIONS = NO;
				ENABLE_STRICT_OBJC_MSGSEND = YES;
				ENABLE_USER_SCRIPT_SANDBOXING = YES;
				GCC_C_LANGUAGE_STANDARD = gnu17;
				GCC_NO_COMMON_BLOCKS = YES;
				GCC_WARN_64_TO_32_BIT_CONVERSION = YES;
				GCC_WARN_ABOUT_RETURN_TYPE = YES_ERROR;
				GCC_WARN_UNDECLARED_SELECTOR = YES;
				GCC_WARN_UNINITIALIZED_AUTOS = YES_AGGRESSIVE;
				GCC_WARN_UNUSED_FUNCTION = YES;
				GCC_WARN_UNUSED_VARIABLE = YES;
				LOCALIZATION_PREFERS_STRING_CATALOGS = YES;
				MTL_ENABLE_DEBUG_INFO = NO;
				MTL_FAST_MATH = YES;
				SWIFT_COMPILATION_MODE = wholemodule;
			};
			name = Release;
		};
		A5E3A6D72EA7673B0035E192 /* Debug */ = {
			isa = XCBuildConfiguration;
			buildSettings = {
				ASSETCATALOG_COMPILER_APPICON_NAME = AppIcon;
				ASSETCATALOG_COMPILER_GLOBAL_ACCENT_COLOR_NAME = AccentColor;
				CODE_SIGN_ENTITLEMENTS = C7_Finline/C7_Finline.entitlements;
				CODE_SIGN_STYLE = Automatic;
				CURRENT_PROJECT_VERSION = 2;
				DEVELOPMENT_TEAM = 96MF25N4D7;
				ENABLE_APP_SANDBOX = YES;
				ENABLE_HARDENED_RUNTIME = YES;
				ENABLE_PREVIEWS = YES;
				ENABLE_USER_SELECTED_FILES = readonly;
				GENERATE_INFOPLIST_FILE = YES;
				INFOPLIST_FILE = "C7-Finline-Info.plist";
				INFOPLIST_KEY_CFBundleDisplayName = Finline;
				INFOPLIST_KEY_ITSAppUsesNonExemptEncryption = NO;
				INFOPLIST_KEY_NSSupportsLiveActivities = YES;
				"INFOPLIST_KEY_UIApplicationSceneManifest_Generation[sdk=iphoneos*]" = YES;
				"INFOPLIST_KEY_UIApplicationSceneManifest_Generation[sdk=iphonesimulator*]" = YES;
				"INFOPLIST_KEY_UIApplicationSupportsIndirectInputEvents[sdk=iphoneos*]" = YES;
				"INFOPLIST_KEY_UIApplicationSupportsIndirectInputEvents[sdk=iphonesimulator*]" = YES;
				"INFOPLIST_KEY_UILaunchScreen_Generation[sdk=iphoneos*]" = YES;
				"INFOPLIST_KEY_UILaunchScreen_Generation[sdk=iphonesimulator*]" = YES;
				"INFOPLIST_KEY_UIStatusBarStyle[sdk=iphoneos*]" = UIStatusBarStyleDefault;
				"INFOPLIST_KEY_UIStatusBarStyle[sdk=iphonesimulator*]" = UIStatusBarStyleDefault;
				INFOPLIST_KEY_UISupportedInterfaceOrientations = UIInterfaceOrientationPortrait;
				INFOPLIST_KEY_UISupportedInterfaceOrientations_iPad = "UIInterfaceOrientationLandscapeLeft UIInterfaceOrientationLandscapeRight UIInterfaceOrientationPortrait UIInterfaceOrientationPortraitUpsideDown";
				IPHONEOS_DEPLOYMENT_TARGET = 26.0;
				LD_RUNPATH_SEARCH_PATHS = "@executable_path/Frameworks";
				"LD_RUNPATH_SEARCH_PATHS[sdk=macosx*]" = "@executable_path/../Frameworks";
				MACOSX_DEPLOYMENT_TARGET = 26.0;
				MARKETING_VERSION = 2.0;
				PRODUCT_BUNDLE_IDENTIFIER = c7.finline;
				PRODUCT_NAME = "$(TARGET_NAME)";
				REGISTER_APP_GROUPS = YES;
				SDKROOT = auto;
				STRING_CATALOG_GENERATE_SYMBOLS = YES;
				SUPPORTED_PLATFORMS = "iphoneos iphonesimulator";
				SUPPORTS_MACCATALYST = NO;
				SWIFT_APPROACHABLE_CONCURRENCY = YES;
				SWIFT_DEFAULT_ACTOR_ISOLATION = MainActor;
				SWIFT_EMIT_LOC_STRINGS = YES;
				SWIFT_UPCOMING_FEATURE_MEMBER_IMPORT_VISIBILITY = YES;
				SWIFT_VERSION = 5.0;
				TARGETED_DEVICE_FAMILY = 1;
				XROS_DEPLOYMENT_TARGET = 26.0;
			};
			name = Debug;
		};
		A5E3A6D82EA7673B0035E192 /* Release */ = {
			isa = XCBuildConfiguration;
			buildSettings = {
				ASSETCATALOG_COMPILER_APPICON_NAME = AppIcon;
				ASSETCATALOG_COMPILER_GLOBAL_ACCENT_COLOR_NAME = AccentColor;
				CODE_SIGN_ENTITLEMENTS = C7_Finline/C7_FinlineRelease.entitlements;
				CODE_SIGN_STYLE = Automatic;
				CURRENT_PROJECT_VERSION = 2;
				DEVELOPMENT_TEAM = 96MF25N4D7;
				ENABLE_APP_SANDBOX = YES;
				ENABLE_HARDENED_RUNTIME = YES;
				ENABLE_PREVIEWS = YES;
				ENABLE_USER_SELECTED_FILES = readonly;
				GENERATE_INFOPLIST_FILE = YES;
				INFOPLIST_FILE = "C7-Finline-Info.plist";
				INFOPLIST_KEY_CFBundleDisplayName = Finline;
				INFOPLIST_KEY_ITSAppUsesNonExemptEncryption = NO;
				INFOPLIST_KEY_NSSupportsLiveActivities = YES;
				"INFOPLIST_KEY_UIApplicationSceneManifest_Generation[sdk=iphoneos*]" = YES;
				"INFOPLIST_KEY_UIApplicationSceneManifest_Generation[sdk=iphonesimulator*]" = YES;
				"INFOPLIST_KEY_UIApplicationSupportsIndirectInputEvents[sdk=iphoneos*]" = YES;
				"INFOPLIST_KEY_UIApplicationSupportsIndirectInputEvents[sdk=iphonesimulator*]" = YES;
				"INFOPLIST_KEY_UILaunchScreen_Generation[sdk=iphoneos*]" = YES;
				"INFOPLIST_KEY_UILaunchScreen_Generation[sdk=iphonesimulator*]" = YES;
				"INFOPLIST_KEY_UIStatusBarStyle[sdk=iphoneos*]" = UIStatusBarStyleDefault;
				"INFOPLIST_KEY_UIStatusBarStyle[sdk=iphonesimulator*]" = UIStatusBarStyleDefault;
				INFOPLIST_KEY_UISupportedInterfaceOrientations = UIInterfaceOrientationPortrait;
				INFOPLIST_KEY_UISupportedInterfaceOrientations_iPad = "UIInterfaceOrientationLandscapeLeft UIInterfaceOrientationLandscapeRight UIInterfaceOrientationPortrait UIInterfaceOrientationPortraitUpsideDown";
				IPHONEOS_DEPLOYMENT_TARGET = 26.0;
				LD_RUNPATH_SEARCH_PATHS = "@executable_path/Frameworks";
				"LD_RUNPATH_SEARCH_PATHS[sdk=macosx*]" = "@executable_path/../Frameworks";
				MACOSX_DEPLOYMENT_TARGET = 26.0;
				MARKETING_VERSION = 2.0;
				PRODUCT_BUNDLE_IDENTIFIER = c7.finline;
				PRODUCT_NAME = "$(TARGET_NAME)";
				REGISTER_APP_GROUPS = YES;
				SDKROOT = auto;
				STRING_CATALOG_GENERATE_SYMBOLS = YES;
				SUPPORTED_PLATFORMS = "iphoneos iphonesimulator";
				SUPPORTS_MACCATALYST = NO;
				SWIFT_APPROACHABLE_CONCURRENCY = YES;
				SWIFT_DEFAULT_ACTOR_ISOLATION = MainActor;
				SWIFT_EMIT_LOC_STRINGS = YES;
				SWIFT_UPCOMING_FEATURE_MEMBER_IMPORT_VISIBILITY = YES;
				SWIFT_VERSION = 5.0;
				TARGETED_DEVICE_FAMILY = 1;
				XROS_DEPLOYMENT_TARGET = 26.0;
			};
			name = Release;
		};
		A5E3A6DA2EA7673B0035E192 /* Debug */ = {
			isa = XCBuildConfiguration;
			buildSettings = {
				BUNDLE_LOADER = "$(TEST_HOST)";
				CODE_SIGN_STYLE = Automatic;
				CURRENT_PROJECT_VERSION = 1;
				DEVELOPMENT_TEAM = 96MF25N4D7;
				GENERATE_INFOPLIST_FILE = YES;
				IPHONEOS_DEPLOYMENT_TARGET = 26.0;
				MACOSX_DEPLOYMENT_TARGET = 26.0;
				MARKETING_VERSION = 1.0;
				PRODUCT_BUNDLE_IDENTIFIER = c7.finline;
				PRODUCT_NAME = "$(TARGET_NAME)";
				SDKROOT = auto;
				STRING_CATALOG_GENERATE_SYMBOLS = NO;
				SUPPORTED_PLATFORMS = "iphoneos iphonesimulator macosx xros xrsimulator";
				SWIFT_APPROACHABLE_CONCURRENCY = YES;
				SWIFT_EMIT_LOC_STRINGS = NO;
				SWIFT_UPCOMING_FEATURE_MEMBER_IMPORT_VISIBILITY = YES;
				SWIFT_VERSION = 5.0;
				TARGETED_DEVICE_FAMILY = "1,2,7";
				TEST_HOST = "$(BUILT_PRODUCTS_DIR)/C7_Finline.app/$(BUNDLE_EXECUTABLE_FOLDER_PATH)/C7_Finline";
				XROS_DEPLOYMENT_TARGET = 26.0;
			};
			name = Debug;
		};
		A5E3A6DB2EA7673B0035E192 /* Release */ = {
			isa = XCBuildConfiguration;
			buildSettings = {
				BUNDLE_LOADER = "$(TEST_HOST)";
				CODE_SIGN_STYLE = Automatic;
				CURRENT_PROJECT_VERSION = 1;
				DEVELOPMENT_TEAM = 96MF25N4D7;
				GENERATE_INFOPLIST_FILE = YES;
				IPHONEOS_DEPLOYMENT_TARGET = 26.0;
				MACOSX_DEPLOYMENT_TARGET = 26.0;
				MARKETING_VERSION = 1.0;
				PRODUCT_BUNDLE_IDENTIFIER = c7.finline;
				PRODUCT_NAME = "$(TARGET_NAME)";
				SDKROOT = auto;
				STRING_CATALOG_GENERATE_SYMBOLS = NO;
				SUPPORTED_PLATFORMS = "iphoneos iphonesimulator macosx xros xrsimulator";
				SWIFT_APPROACHABLE_CONCURRENCY = YES;
				SWIFT_EMIT_LOC_STRINGS = NO;
				SWIFT_UPCOMING_FEATURE_MEMBER_IMPORT_VISIBILITY = YES;
				SWIFT_VERSION = 5.0;
				TARGETED_DEVICE_FAMILY = "1,2,7";
				TEST_HOST = "$(BUILT_PRODUCTS_DIR)/C7_Finline.app/$(BUNDLE_EXECUTABLE_FOLDER_PATH)/C7_Finline";
				XROS_DEPLOYMENT_TARGET = 26.0;
			};
			name = Release;
		};
		A5E3A6DD2EA7673B0035E192 /* Debug */ = {
			isa = XCBuildConfiguration;
			buildSettings = {
				CODE_SIGN_STYLE = Automatic;
				CURRENT_PROJECT_VERSION = 1;
				DEVELOPMENT_TEAM = 96MF25N4D7;
				GENERATE_INFOPLIST_FILE = YES;
				IPHONEOS_DEPLOYMENT_TARGET = 26.0;
				MACOSX_DEPLOYMENT_TARGET = 26.0;
				MARKETING_VERSION = 1.0;
				PRODUCT_BUNDLE_IDENTIFIER = c7.finline;
				PRODUCT_NAME = "$(TARGET_NAME)";
				SDKROOT = auto;
				STRING_CATALOG_GENERATE_SYMBOLS = NO;
				SUPPORTED_PLATFORMS = "iphoneos iphonesimulator macosx xros xrsimulator";
				SWIFT_APPROACHABLE_CONCURRENCY = YES;
				SWIFT_EMIT_LOC_STRINGS = NO;
				SWIFT_UPCOMING_FEATURE_MEMBER_IMPORT_VISIBILITY = YES;
				SWIFT_VERSION = 5.0;
				TARGETED_DEVICE_FAMILY = "1,2,7";
				TEST_TARGET_NAME = C7_Finline;
				XROS_DEPLOYMENT_TARGET = 26.0;
			};
			name = Debug;
		};
		A5E3A6DE2EA7673B0035E192 /* Release */ = {
			isa = XCBuildConfiguration;
			buildSettings = {
				CODE_SIGN_STYLE = Automatic;
				CURRENT_PROJECT_VERSION = 1;
				DEVELOPMENT_TEAM = 96MF25N4D7;
				GENERATE_INFOPLIST_FILE = YES;
				IPHONEOS_DEPLOYMENT_TARGET = 26.0;
				MACOSX_DEPLOYMENT_TARGET = 26.0;
				MARKETING_VERSION = 1.0;
				PRODUCT_BUNDLE_IDENTIFIER = c7.finline;
				PRODUCT_NAME = "$(TARGET_NAME)";
				SDKROOT = auto;
				STRING_CATALOG_GENERATE_SYMBOLS = NO;
				SUPPORTED_PLATFORMS = "iphoneos iphonesimulator macosx xros xrsimulator";
				SWIFT_APPROACHABLE_CONCURRENCY = YES;
				SWIFT_EMIT_LOC_STRINGS = NO;
				SWIFT_UPCOMING_FEATURE_MEMBER_IMPORT_VISIBILITY = YES;
				SWIFT_VERSION = 5.0;
				TARGETED_DEVICE_FAMILY = "1,2,7";
				TEST_TARGET_NAME = C7_Finline;
				XROS_DEPLOYMENT_TARGET = 26.0;
			};
			name = Release;
		};
/* End XCBuildConfiguration section */

/* Begin XCConfigurationList section */
		A57CCEFA2EC1960C00013DA3 /* Build configuration list for PBXNativeTarget "FinlineWidgetExtension" */ = {
			isa = XCConfigurationList;
			buildConfigurations = (
				A57CCEF72EC1960C00013DA3 /* Debug */,
				A57CCEF82EC1960C00013DA3 /* Release */,
			);
			defaultConfigurationIsVisible = 0;
			defaultConfigurationName = Release;
		};
		A5E3A6B02EA7673A0035E192 /* Build configuration list for PBXProject "C7_Finline" */ = {
			isa = XCConfigurationList;
			buildConfigurations = (
				A5E3A6D42EA7673B0035E192 /* Debug */,
				A5E3A6D52EA7673B0035E192 /* Release */,
			);
			defaultConfigurationIsVisible = 0;
			defaultConfigurationName = Release;
		};
		A5E3A6D62EA7673B0035E192 /* Build configuration list for PBXNativeTarget "C7_Finline" */ = {
			isa = XCConfigurationList;
			buildConfigurations = (
				A5E3A6D72EA7673B0035E192 /* Debug */,
				A5E3A6D82EA7673B0035E192 /* Release */,
			);
			defaultConfigurationIsVisible = 0;
			defaultConfigurationName = Release;
		};
		A5E3A6D92EA7673B0035E192 /* Build configuration list for PBXNativeTarget "C7_FinlineTests" */ = {
			isa = XCConfigurationList;
			buildConfigurations = (
				A5E3A6DA2EA7673B0035E192 /* Debug */,
				A5E3A6DB2EA7673B0035E192 /* Release */,
			);
			defaultConfigurationIsVisible = 0;
			defaultConfigurationName = Release;
		};
		A5E3A6DC2EA7673B0035E192 /* Build configuration list for PBXNativeTarget "C7_FinlineUITests" */ = {
			isa = XCConfigurationList;
			buildConfigurations = (
				A5E3A6DD2EA7673B0035E192 /* Debug */,
				A5E3A6DE2EA7673B0035E192 /* Release */,
			);
			defaultConfigurationIsVisible = 0;
			defaultConfigurationName = Release;
		};
/* End XCConfigurationList section */

/* Begin XCRemoteSwiftPackageReference section */
		92250AD62ECF12CA001FC609 /* XCRemoteSwiftPackageReference "lottie-spm" */ = {
			isa = XCRemoteSwiftPackageReference;
			repositoryURL = "https://github.com/airbnb/lottie-spm.git";
			requirement = {
				kind = upToNextMajorVersion;
				minimumVersion = 4.5.2;
			};
		};
		92EBA3342ECC9902008DBAB4 /* XCRemoteSwiftPackageReference "ConfettiSwiftUI" */ = {
			isa = XCRemoteSwiftPackageReference;
			repositoryURL = "https://github.com/simibac/ConfettiSwiftUI?tab=readme-ov-file";
			requirement = {
				kind = upToNextMajorVersion;
				minimumVersion = 2.0.3;
			};
		};
/* End XCRemoteSwiftPackageReference section */

/* Begin XCSwiftPackageProductDependency section */
		92250AD72ECF12CA001FC609 /* Lottie */ = {
			isa = XCSwiftPackageProductDependency;
			package = 92250AD62ECF12CA001FC609 /* XCRemoteSwiftPackageReference "lottie-spm" */;
			productName = Lottie;
		};
		922EC4E82ECEBBDA00E71F8C /* Lottie */ = {
			isa = XCSwiftPackageProductDependency;
			productName = Lottie;
		};
		92EBA3352ECC997B008DBAB4 /* ConfettiSwiftUI */ = {
			isa = XCSwiftPackageProductDependency;
			package = 92EBA3342ECC9902008DBAB4 /* XCRemoteSwiftPackageReference "ConfettiSwiftUI" */;
			productName = ConfettiSwiftUI;
		};
/* End XCSwiftPackageProductDependency section */
	};
	rootObject = A5E3A6AD2EA7673A0035E192 /* Project object */;
}
